
Microsoft Visual Studio Solution File, Format Version 12.00
# Visual Studio 2013
VisualStudioVersion = 12.0.31101.0
MinimumVisualStudioVersion = 10.0.40219.1
Project("{8BC9CEB8-8B4A-11D0-8D11-00A0C91BC942}") = "NaturaMali", "NaturaMali\NaturaMali.vcxproj", "{9CEAE715-5A43-4E92-AE0E-D0BCB3A72862}"
EndProject
Project("{8BC9CEB8-8B4A-11D0-8D11-00A0C91BC942}") = "Armadillo", "Armadillo\Armadillo.vcxproj", "{D609CB30-0076-4BE8-A5CA-E39AAD88F805}"
EndProject
Project("{8BC9CEB8-8B4A-11D0-8D11-00A0C91BC942}") = "Armadillo.Test", "Armadillo.Test\Armadillo.Test.vcxproj", "{61BF5EDD-9C91-4D56-B89C-F7BF00878814}"
EndProject
Global
	GlobalSection(SolutionConfigurationPlatforms) = preSolution
		Debug|Win32 = Debug|Win32
		Release|Win32 = Release|Win32
	EndGlobalSection
	GlobalSection(ProjectConfigurationPlatforms) = postSolution
		{9CEAE715-5A43-4E92-AE0E-D0BCB3A72862}.Debug|Win32.ActiveCfg = Debug|Win32
		{9CEAE715-5A43-4E92-AE0E-D0BCB3A72862}.Debug|Win32.Build.0 = Debug|Win32
		{9CEAE715-5A43-4E92-AE0E-D0BCB3A72862}.Release|Win32.ActiveCfg = Release|Win32
		{9CEAE715-5A43-4E92-AE0E-D0BCB3A72862}.Release|Win32.Build.0 = Release|Win32
		{D609CB30-0076-4BE8-A5CA-E39AAD88F805}.Debug|Win32.ActiveCfg = Debug|Win32
		{D609CB30-0076-4BE8-A5CA-E39AAD88F805}.Debug|Win32.Build.0 = Debug|Win32
		{D609CB30-0076-4BE8-A5CA-E39AAD88F805}.Release|Win32.ActiveCfg = Release|Win32
		{D609CB30-0076-4BE8-A5CA-E39AAD88F805}.Release|Win32.Build.0 = Release|Win32
		{61BF5EDD-9C91-4D56-B89C-F7BF00878814}.Debug|Win32.ActiveCfg = Debug|Win32
		{61BF5EDD-9C91-4D56-B89C-F7BF00878814}.Debug|Win32.Build.0 = Debug|Win32
		{61BF5EDD-9C91-4D56-B89C-F7BF00878814}.Release|Win32.ActiveCfg = Release|Win32
		{61BF5EDD-9C91-4D56-B89C-F7BF00878814}.Release|Win32.Build.0 = Release|Win32
	EndGlobalSection
	GlobalSection(SolutionProperties) = preSolution
		HideSolutionNode = FALSE
	EndGlobalSection
EndGlobal
