<?xml version="1.0" encoding="utf-8"?>
<Project ToolsVersion="4.0" xmlns="http://schemas.microsoft.com/developer/msbuild/2003">
  <ItemGroup>
    <Filter Include="Source Files">
      <UniqueIdentifier>{4FC737F1-C7A5-4376-A066-2A32D752A2FF}</UniqueIdentifier>
      <Extensions>cpp;c;cc;cxx;def;odl;idl;hpj;bat;asm;asmx</Extensions>
    </Filter>
    <Filter Include="Header Files">
      <UniqueIdentifier>{93995380-89BD-4b04-88EB-625FBE52EBFB}</UniqueIdentifier>
      <Extensions>h;hh;hpp;hxx;hm;inl;inc;xsd</Extensions>
    </Filter>
    <Filter Include="Resource Files">
      <UniqueIdentifier>{67DA6AB6-F800-4c08-8B7A-83BB121AAD01}</UniqueIdentifier>
      <Extensions>rc;ico;cur;bmp;dlg;rc2;rct;bin;rgs;gif;jpg;jpeg;jpe;resx;tiff;tif;png;wav;mfcribbon-ms</Extensions>
    </Filter>
  </ItemGroup>
  <ItemGroup>
    <ClCompile Include="Maths\PerlinNoise.cpp">
      <Filter>Source Files</Filter>
    </ClCompile>
    <ClCompile Include="Font\Character.cpp">
      <Filter>Source Files</Filter>
    </ClCompile>
    <ClCompile Include="Font\FontFile.cpp">
      <Filter>Source Files</Filter>
    </ClCompile>
    <ClCompile Include="Graphics\Colour.cpp">
      <Filter>Source Files</Filter>
    </ClCompile>
    <ClCompile Include="Graphics\Fermat.cpp">
      <Filter>Source Files</Filter>
    </ClCompile>
    <ClCompile Include="Graphics\FloatBuffer.cpp">
      <Filter>Source Files</Filter>
    </ClCompile>
    <ClCompile Include="Graphics\FrameBuffer.cpp">
      <Filter>Source Files</Filter>
    </ClCompile>
    <ClCompile Include="Graphics\FrameEffect.cpp">
      <Filter>Source Files</Filter>
    </ClCompile>
    <ClCompile Include="Graphics\IndexBuffer.cpp">
      <Filter>Source Files</Filter>
    </ClCompile>
    <ClCompile Include="Graphics\lodepng.cpp">
      <Filter>Source Files</Filter>
    </ClCompile>
    <ClCompile Include="Graphics\ModelData.cpp">
      <Filter>Source Files</Filter>
    </ClCompile>
    <ClCompile Include="Graphics\Renderer.cpp">
      <Filter>Source Files</Filter>
    </ClCompile>
    <ClCompile Include="Graphics\Shader.cpp">
      <Filter>Source Files</Filter>
    </ClCompile>
    <ClCompile Include="Graphics\ShaderFactory.cpp">
      <Filter>Source Files</Filter>
    </ClCompile>
    <ClCompile Include="Graphics\ShaderLoader.cpp">
      <Filter>Source Files</Filter>
    </ClCompile>
    <ClCompile Include="Graphics\Skybox.cpp">
      <Filter>Source Files</Filter>
    </ClCompile>
    <ClCompile Include="Graphics\Texture.cpp">
      <Filter>Source Files</Filter>
    </ClCompile>
    <ClCompile Include="Graphics\UniformBuffer.cpp">
      <Filter>Source Files</Filter>
    </ClCompile>
    <ClCompile Include="Graphics\VertexBuffer.cpp">
      <Filter>Source Files</Filter>
    </ClCompile>
    <ClCompile Include="Graphics\View.cpp">
      <Filter>Source Files</Filter>
    </ClCompile>
    <ClCompile Include="Management\EntityControl.cpp">
      <Filter>Source Files</Filter>
    </ClCompile>
    <ClCompile Include="Management\Logger.cpp">
      <Filter>Source Files</Filter>
    </ClCompile>
    <ClCompile Include="Management\Manager.cpp">
      <Filter>Source Files</Filter>
    </ClCompile>
    <ClCompile Include="Maths\MathHelper.cpp">
      <Filter>Source Files</Filter>
    </ClCompile>
    <ClCompile Include="Maths\Random.cpp">
      <Filter>Source Files</Filter>
    </ClCompile>
    <ClCompile Include="Maths\StringHelper.cpp">
      <Filter>Source Files</Filter>
    </ClCompile>
    <ClCompile Include="Maths\VectorMath.cpp">
      <Filter>Source Files</Filter>
    </ClCompile>
    <ClCompile Include="World\Biome.cpp">
      <Filter>Source Files</Filter>
    </ClCompile>
    <ClCompile Include="World\Direction.cpp">
      <Filter>Source Files</Filter>
    </ClCompile>
    <ClCompile Include="World\EntityTree.cpp">
      <Filter>Source Files</Filter>
    </ClCompile>
    <ClCompile Include="World\EntityTypes.cpp">
      <Filter>Source Files</Filter>
    </ClCompile>
    <ClCompile Include="World\Landscape.cpp">
      <Filter>Source Files</Filter>
    </ClCompile>
    <ClCompile Include="World\Light.cpp">
      <Filter>Source Files</Filter>
    </ClCompile>
    <ClCompile Include="World\RayCaster.cpp">
      <Filter>Source Files</Filter>
    </ClCompile>
    <ClCompile Include="World\Seed.cpp">
      <Filter>Source Files</Filter>
    </ClCompile>
    <ClCompile Include="World\Terrain.cpp">
      <Filter>Source Files</Filter>
    </ClCompile>
    <ClCompile Include="World\TerrainBuffer.cpp">
      <Filter>Source Files</Filter>
    </ClCompile>
    <ClCompile Include="World\TerrainData.cpp">
      <Filter>Source Files</Filter>
    </ClCompile>
    <ClCompile Include="World\TerrainFactory.cpp">
      <Filter>Source Files</Filter>
    </ClCompile>
    <ClCompile Include="World\TerrainManager.cpp">
      <Filter>Source Files</Filter>
    </ClCompile>
    <ClCompile Include="World\Water.cpp">
      <Filter>Source Files</Filter>
    </ClCompile>
    <ClCompile Include="Osiris.cpp">
      <Filter>Source Files</Filter>
    </ClCompile>
    <ClCompile Include="World\Entity.cpp">
      <Filter>Source Files</Filter>
    </ClCompile>
    <ClCompile Include="Graphics\Projection.cpp">
      <Filter>Source Files</Filter>
    </ClCompile>
    <ClCompile Include="Management\Input.cpp">
      <Filter>Source Files</Filter>
    </ClCompile>
    <ClCompile Include="Physics\PhysicsEntity.cpp">
      <Filter>Source Files</Filter>
    </ClCompile>
    <ClCompile Include="Physics\PhysicsConstants.cpp">
      <Filter>Source Files</Filter>
    </ClCompile>
    <ClCompile Include="Physics\PhysicsWorld.cpp">
      <Filter>Source Files</Filter>
    </ClCompile>
    <ClCompile Include="Physics\Renderer_TS.cpp">
      <Filter>Source Files</Filter>
    </ClCompile>
    <ClCompile Include="Physics\EntityList.cpp">
      <Filter>Source Files</Filter>
    </ClCompile>
  </ItemGroup>
  <ItemGroup>
    <ClInclude Include="Include\Mutex.h">
      <Filter>Header Files</Filter>
    </ClInclude>
    <ClInclude Include="Include\Object.h">
      <Filter>Header Files</Filter>
    </ClInclude>
    <ClInclude Include="Osiris.h">
      <Filter>Header Files</Filter>
    </ClInclude>
    <ClInclude Include="Font\Character.h">
      <Filter>Header Files</Filter>
    </ClInclude>
    <ClInclude Include="Font\Font.h">
      <Filter>Header Files</Filter>
    </ClInclude>
    <ClInclude Include="Font\FontFile.h">
      <Filter>Header Files</Filter>
    </ClInclude>
    <ClInclude Include="Font\Line.h">
      <Filter>Header Files</Filter>
    </ClInclude>
    <ClInclude Include="Font\Text.h">
      <Filter>Header Files</Filter>
    </ClInclude>
    <ClInclude Include="Font\Word.h">
      <Filter>Header Files</Filter>
    </ClInclude>
    <ClInclude Include="Graphics\View.h">
      <Filter>Header Files</Filter>
    </ClInclude>
    <ClInclude Include="Graphics\VertexBuffer.h">
      <Filter>Header Files</Filter>
    </ClInclude>
    <ClInclude Include="Graphics\UniformBuffer.h">
      <Filter>Header Files</Filter>
    </ClInclude>
    <ClInclude Include="Graphics\Texture.h">
      <Filter>Header Files</Filter>
    </ClInclude>
    <ClInclude Include="Graphics\Skybox.h">
      <Filter>Header Files</Filter>
    </ClInclude>
    <ClInclude Include="Graphics\ShaderLoader.h">
      <Filter>Header Files</Filter>
    </ClInclude>
    <ClInclude Include="Graphics\ShaderFactory.h">
      <Filter>Header Files</Filter>
    </ClInclude>
    <ClInclude Include="Graphics\Shader.h">
      <Filter>Header Files</Filter>
    </ClInclude>
    <ClInclude Include="Graphics\Renderer.h">
      <Filter>Header Files</Filter>
    </ClInclude>
    <ClInclude Include="Graphics\ModelData.h">
      <Filter>Header Files</Filter>
    </ClInclude>
    <ClInclude Include="Graphics\lodepng.h">
      <Filter>Header Files</Filter>
    </ClInclude>
    <ClInclude Include="Graphics\IndexBuffer.h">
      <Filter>Header Files</Filter>
    </ClInclude>
    <ClInclude Include="Graphics\FrameEffect.h">
      <Filter>Header Files</Filter>
    </ClInclude>
    <ClInclude Include="Graphics\IBuffer.h">
      <Filter>Header Files</Filter>
    </ClInclude>
    <ClInclude Include="Graphics\FrameBuffer.h">
      <Filter>Header Files</Filter>
    </ClInclude>
    <ClInclude Include="Graphics\FloatBuffer.h">
      <Filter>Header Files</Filter>
    </ClInclude>
    <ClInclude Include="Graphics\Fermat.h">
      <Filter>Header Files</Filter>
    </ClInclude>
    <ClInclude Include="Graphics\Colour.h">
      <Filter>Header Files</Filter>
    </ClInclude>
    <ClInclude Include="Management\DataTypeSize.h">
      <Filter>Header Files</Filter>
    </ClInclude>
    <ClInclude Include="Management\EntityControl.h">
      <Filter>Header Files</Filter>
    </ClInclude>
    <ClInclude Include="Management\IDisposable.h">
      <Filter>Header Files</Filter>
    </ClInclude>
    <ClInclude Include="Management\Logger.h">
      <Filter>Header Files</Filter>
    </ClInclude>
    <ClInclude Include="Management\Manager.h">
      <Filter>Header Files</Filter>
    </ClInclude>
    <ClInclude Include="Maths\MathHelper.h">
      <Filter>Header Files</Filter>
    </ClInclude>
    <ClInclude Include="Maths\PerlinNoise.h">
      <Filter>Header Files</Filter>
    </ClInclude>
    <ClInclude Include="Maths\Random.h">
      <Filter>Header Files</Filter>
    </ClInclude>
    <ClInclude Include="Maths\StringHelper.h">
      <Filter>Header Files</Filter>
    </ClInclude>
    <ClInclude Include="Maths\VectorMath.h">
      <Filter>Header Files</Filter>
    </ClInclude>
    <ClInclude Include="World\Biome.h">
      <Filter>Header Files</Filter>
    </ClInclude>
    <ClInclude Include="World\Direction.h">
      <Filter>Header Files</Filter>
    </ClInclude>
    <ClInclude Include="World\Entity.h">
      <Filter>Header Files</Filter>
    </ClInclude>
    <ClInclude Include="World\EntityTree.h">
      <Filter>Header Files</Filter>
    </ClInclude>
    <ClInclude Include="World\EntityTypes.h">
      <Filter>Header Files</Filter>
    </ClInclude>
    <ClInclude Include="World\Landscape.h">
      <Filter>Header Files</Filter>
    </ClInclude>
    <ClInclude Include="World\Light.h">
      <Filter>Header Files</Filter>
    </ClInclude>
    <ClInclude Include="World\RayCaster.h">
      <Filter>Header Files</Filter>
    </ClInclude>
    <ClInclude Include="World\Seed.h">
      <Filter>Header Files</Filter>
    </ClInclude>
    <ClInclude Include="World\Terrain.h">
      <Filter>Header Files</Filter>
    </ClInclude>
    <ClInclude Include="World\TerrainBuffer.h">
      <Filter>Header Files</Filter>
    </ClInclude>
    <ClInclude Include="World\TerrainData.h">
      <Filter>Header Files</Filter>
    </ClInclude>
    <ClInclude Include="World\TerrainFactory.h">
      <Filter>Header Files</Filter>
    </ClInclude>
    <ClInclude Include="World\TerrainManager.h">
      <Filter>Header Files</Filter>
    </ClInclude>
    <ClInclude Include="World\Water.h">
      <Filter>Header Files</Filter>
    </ClInclude>
    <ClInclude Include="Graphics\Projection.h">
      <Filter>Header Files</Filter>
    </ClInclude>
    <ClInclude Include="Management\Input.h">
      <Filter>Header Files</Filter>
    </ClInclude>
    <ClInclude Include="Physics\PhysicsEntity.h">
      <Filter>Header Files</Filter>
    </ClInclude>
    <ClInclude Include="Physics\PhysicsConstants.h">
      <Filter>Header Files</Filter>
    </ClInclude>
    <ClInclude Include="Physics\PhysicsWorld.h">
      <Filter>Header Files</Filter>
    </ClInclude>
    <ClInclude Include="Physics\EntityList.h">
      <Filter>Header Files</Filter>
    </ClInclude>
    <ClInclude Include="Physics\Renderer_TS.h">
      <Filter>Header Files</Filter>
    </ClInclude>
  </ItemGroup>
</Project>